
Microsoft Visual Studio Solution File, Format Version 12.00
# Visual Studio Version 16
VisualStudioVersion = 16.0.30011.22
MinimumVisualStudioVersion = 10.0.40219.1
Project("{FAE04EC0-301F-11D3-BF4B-00C04F79EFBC}") = "KC", "KC.csproj", "{9C468BEE-9B7D-4A75-8D15-C9B5CB9E8B2D}"
EndProject
Global
	GlobalSection(SolutionConfigurationPlatforms) = preSolution
		Debug|Any CPU = Debug|Any CPU
		Release|Any CPU = Release|Any CPU
	EndGlobalSection
	GlobalSection(ProjectConfigurationPlatforms) = postSolution
		{9C468BEE-9B7D-4A75-8D15-C9B5CB9E8B2D}.Debug|Any CPU.ActiveCfg = Debug|Any CPU
		{9C468BEE-9B7D-4A75-8D15-C9B5CB9E8B2D}.Debug|Any CPU.Build.0 = Debug|Any CPU
		{9C468BEE-9B7D-4A75-8D15-C9B5CB9E8B2D}.Release|Any CPU.ActiveCfg = Release|Any CPU
		{9C468BEE-9B7D-4A75-8D15-C9B5CB9E8B2D}.Release|Any CPU.Build.0 = Release|Any CPU
	EndGlobalSection
	GlobalSection(SolutionProperties) = preSolution
		HideSolutionNode = FALSE
	EndGlobalSection
	GlobalSection(ExtensibilityGlobals) = postSolution
		SolutionGuid = {0CC9C7EA-B8B4-4083-AF92-66552A1AC1A1}
	EndGlobalSection
EndGlobal
